lockfileVersion: '9.0'

settings:
  autoInstallPeers: true
  excludeLinksFromLockfile: false

importers:

  .:
    dependencies:
      chalk:
        specifier: ^4.1.2
        version: 4.1.2
      fs:
        specifier: ^0.0.1-security
        version: 0.0.1-security
      https-proxy-agent:
        specifier: ^7.0.5
        version: 7.0.6
      node-fetch:
        specifier: ^2.7.0
        version: 2.7.0
      readline-sync:
        specifier: ^1.4.10
        version: 1.4.10

packages:

  agent-base@7.1.3:
    resolution: {integrity: sha512-jRR5wdylq8CkOe6hei19GGZnxM6rBGwFl3Bg0YItGDimvjGtAvdZk4Pu6Cl4u4Igsws4a1fd1Vq3ezrhn4KmFw==}
    engines: {node: '>= 14'}

  ansi-styles@4.3.0:
    resolution: {integrity: sha1-7dgDYornHATIWuegkG7a00tkiTc=}
    engines: {node: '>=8'}

  chalk@4.1.2:
    resolution: {integrity: sha1-qsTit3NKdAhnrrFr8CqtVWoeegE=}
    engines: {node: '>=10'}

  color-convert@2.0.1:
    resolution: {integrity: sha512-RRECPsj7iu/xb5oKYcsFHSppFNnsj/52OVTRKb4zP5onXwVF3zVmmToNcOfGC+CRDpfK/U584fMg38ZHCaElKQ==}
    engines: {node: '>=7.0.0'}

  color-name@1.1.4:
    resolution: {integrity: sha512-dOy+3AuW3a2wNbZHIuMZpTcgjGuLU/uBL/ubcZF9OXbDo8ff4O8yVp5Bf0efS8uEoYo5q4Fx7dY9OgQGXgAsQA==}

  debug@4.4.0:
    resolution: {integrity: sha512-6WTZ/IxCY/T6BALoZHaE4ctp9xm+Z5kY/pzYaCHRFeyVhojxlrm+46y68HA6hr0TcwEssoxNiDEUJQjfPZ/RYA==}
    engines: {node: '>=6.0'}
    peerDependencies:
      supports-color: '*'
    peerDependenciesMeta:
      supports-color:
        optional: true

  fs@0.0.1-security:
    resolution: {integrity: sha1-invTcYa23d84E/I4WLV+yq9eQdQ=}

  has-flag@4.0.0:
    resolution: {integrity: sha512-EykJT/Q1KjTWctppgIAgfSO0tKVuZUjhgMr17kqTumMl6Afv3EISleU7qZUzoXDFTAHTDC4NOoG/ZxU3EvlMPQ==}
    engines: {node: '>=8'}

  https-proxy-agent@7.0.6:
    resolution: {integrity: sha512-vK9P5/iUfdl95AI+JVyUuIcVtd4ofvtrOr3HNtM2yxC9bnMbEdp3x01OhQNnjb8IJYi38VlTE3mBXwcfvywuSw==}
    engines: {node: '>= 14'}

  ms@2.1.3:
    resolution: {integrity: sha1-V0yBOM4dK1hh8LRFedut1gxmFbI=}

  node-fetch@2.7.0:
    resolution: {integrity: sha512-c4FRfUm/dbcWZ7U+1Wq0AwCyFL+3nt2bEw05wfxSz+DWpWsitgmSgYmy2dQdWyKC1694ELPqMs/YzUSNozLt8A==}
    engines: {node: 4.x || >=6.0.0}
    peerDependencies:
      encoding: ^0.1.0
    peerDependenciesMeta:
      encoding:
        optional: true

  readline-sync@1.4.10:
    resolution: {integrity: sha1-Qd9/u0tjEtZzARWUFFcFv1bYhzs=}
    engines: {node: '>= 0.8.0'}

  supports-color@7.2.0:
    resolution: {integrity: sha1-G33NyzK4E4gBs+R4umpRyqiWSNo=}
    engines: {node: '>=8'}

  tr46@0.0.3:
    resolution: {integrity: sha1-gYT9NH2snNwYWZLzpmIuFLnZq2o=}

  webidl-conversions@3.0.1:
    resolution: {integrity: sha1-JFNCdeKnvGvnvIZhHMFq4KVlSHE=}

  whatwg-url@5.0.0:
    resolution: {integrity: sha1-lmRU6HZUYuN2RNNib2dCzotwll0=}

snapshots:

  agent-base@7.1.3: {}

  ansi-styles@4.3.0:
    dependencies:
      color-convert: 2.0.1

  chalk@4.1.2:
    dependencies:
      ansi-styles: 4.3.0
      supports-color: 7.2.0

  color-convert@2.0.1:
    dependencies:
      color-name: 1.1.4

  color-name@1.1.4: {}

  debug@4.4.0:
    dependencies:
      ms: 2.1.3

  fs@0.0.1-security: {}

  has-flag@4.0.0: {}

  https-proxy-agent@7.0.6:
    dependencies:
      agent-base: 7.1.3
      debug: 4.4.0
    transitivePeerDependencies:
      - supports-color

  ms@2.1.3: {}

  node-fetch@2.7.0:
    dependencies:
      whatwg-url: 5.0.0

  readline-sync@1.4.10: {}

  supports-color@7.2.0:
    dependencies:
      has-flag: 4.0.0

  tr46@0.0.3: {}

  webidl-conversions@3.0.1: {}

  whatwg-url@5.0.0:
    dependencies:
      tr46: 0.0.3
      webidl-conversions: 3.0.1
